
Microsoft Visual Studio Solution File, Format Version 12.00
# Visual Studio 15
VisualStudioVersion = 15.0.28307.902
MinimumVisualStudioVersion = 10.0.40219.1
Project("{F184B08F-C81C-45F6-A57F-5ABD9991F28F}") = "Loader1", "Loader1\Loader1.vbproj", "{00DE108E-11C8-4036-98D7-885DC336E475}"
EndProject
Global
	GlobalSection(SolutionConfigurationPlatforms) = preSolution
		Debug|Any CPU = Debug|Any CPU
		Release|Any CPU = Release|Any CPU
	EndGlobalSection
	GlobalSection(ProjectConfigurationPlatforms) = postSolution
		{00DE108E-11C8-4036-98D7-885DC336E475}.Debug|Any CPU.ActiveCfg = Debug|Any CPU
		{00DE108E-11C8-4036-98D7-885DC336E475}.Debug|Any CPU.Build.0 = Debug|Any CPU
		{00DE108E-11C8-4036-98D7-885DC336E475}.Release|Any CPU.ActiveCfg = Release|Any CPU
		{00DE108E-11C8-4036-98D7-885DC336E475}.Release|Any CPU.Build.0 = Release|Any CPU
	EndGlobalSection
	GlobalSection(SolutionProperties) = preSolution
		HideSolutionNode = FALSE
	EndGlobalSection
	GlobalSection(ExtensibilityGlobals) = postSolution
		SolutionGuid = {62BE8691-9991-412B-AED8-C5319837CA26}
	EndGlobalSection
EndGlobal
